// !$*UTF8*$!
{
	archiveVersion = 1;
	classes = {
	};
	objectVersion = 50;
	objects = {

/* Begin PBXBuildFile section */
		6706BEDB243CB68500B085F3 /* main.c in Sources */ = {isa = PBXBuildFile; fileRef = 6706BEDA243CB68500B085F3 /* main.c */; };
		6706BEE6243CD93E00B085F3 /* main.c in Sources */ = {isa = PBXBuildFile; fileRef = 6706BEE5243CD93E00B085F3 /* main.c */; };
		675AEC8724337978004EEB24 /* main.c in Sources */ = {isa = PBXBuildFile; fileRef = 675AEC8624337978004EEB24 /* main.c */; };
		67AD03DD243AEACF00451E87 /* main.c in Sources */ = {isa = PBXBuildFile; fileRef = 67AD03DC243AEACF00451E87 /* main.c */; };
/* End PBXBuildFile section */

/* Begin PBXCopyFilesBuildPhase section */
		6706BED6243CB68500B085F3 /* CopyFiles */ = {
			isa = PBXCopyFilesBuildPhase;
			buildActionMask = 2147483647;
			dstPath = /usr/share/man/man1/;
			dstSubfolderSpec = 0;
			files = (
			);
			runOnlyForDeploymentPostprocessing = 1;
		};
		6706BEE1243CD93E00B085F3 /* CopyFiles */ = {
			isa = PBXCopyFilesBuildPhase;
			buildActionMask = 2147483647;
			dstPath = /usr/share/man/man1/;
			dstSubfolderSpec = 0;
			files = (
			);
			runOnlyForDeploymentPostprocessing = 1;
		};
		675AEC8124337978004EEB24 /* CopyFiles */ = {
			isa = PBXCopyFilesBuildPhase;
			buildActionMask = 2147483647;
			dstPath = /usr/share/man/man1/;
			dstSubfolderSpec = 0;
			files = (
			);
			runOnlyForDeploymentPostprocessing = 1;
		};
		67AD03D8243AEACF00451E87 /* CopyFiles */ = {
			isa = PBXCopyFilesBuildPhase;
			buildActionMask = 2147483647;
			dstPath = /usr/share/man/man1/;
			dstSubfolderSpec = 0;
			files = (
			);
			runOnlyForDeploymentPostprocessing = 1;
		};
/* End PBXCopyFilesBuildPhase section */

/* Begin PBXFileReference section */
		6706BED8243CB68500B085F3 /* 双向链表 */ = {isa = PBXFileReference; explicitFileType = "compiled.mach-o.executable"; includeInIndex = 0; path = "双向链表"; sourceTree = BUILT_PRODUCTS_DIR; };
		6706BEDA243CB68500B085F3 /* main.c */ = {isa = PBXFileReference; lastKnownFileType = sourcecode.c.c; path = main.c; sourceTree = "<group>"; };
		6706BEE3243CD93E00B085F3 /* 双向循环链表 */ = {isa = PBXFileReference; explicitFileType = "compiled.mach-o.executable"; includeInIndex = 0; path = "双向循环链表"; sourceTree = BUILT_PRODUCTS_DIR; };
		6706BEE5243CD93E00B085F3 /* main.c */ = {isa = PBXFileReference; lastKnownFileType = sourcecode.c.c; path = main.c; sourceTree = "<group>"; };
		675AEC8324337978004EEB24 /* 数据结构1 */ = {isa = PBXFileReference; explicitFileType = "compiled.mach-o.executable"; includeInIndex = 0; path = "数据结构1"; sourceTree = BUILT_PRODUCTS_DIR; };
		675AEC8624337978004EEB24 /* main.c */ = {isa = PBXFileReference; lastKnownFileType = sourcecode.c.c; path = main.c; sourceTree = "<group>"; };
		67AD03DA243AEACF00451E87 /* 单循环链表 */ = {isa = PBXFileReference; explicitFileType = "compiled.mach-o.executable"; includeInIndex = 0; path = "单循环链表"; sourceTree = BUILT_PRODUCTS_DIR; };
		67AD03DC243AEACF00451E87 /* main.c */ = {isa = PBXFileReference; lastKnownFileType = sourcecode.c.c; path = main.c; sourceTree = "<group>"; };
/* End PBXFileReference section */

/* Begin PBXFrameworksBuildPhase section */
		6706BED5243CB68500B085F3 /* Frameworks */ = {
			isa = PBXFrameworksBuildPhase;
			buildActionMask = 2147483647;
			files = (
			);
			runOnlyForDeploymentPostprocessing = 0;
		};
		6706BEE0243CD93E00B085F3 /* Frameworks */ = {
			isa = PBXFrameworksBuildPhase;
			buildActionMask = 2147483647;
			files = (
			);
			runOnlyForDeploymentPostprocessing = 0;
		};
		675AEC8024337978004EEB24 /* Frameworks */ = {
			isa = PBXFrameworksBuildPhase;
			buildActionMask = 2147483647;
			files = (
			);
			runOnlyForDeploymentPostprocessing = 0;
		};
		67AD03D7243AEACF00451E87 /* Frameworks */ = {
			isa = PBXFrameworksBuildPhase;
			buildActionMask = 2147483647;
			files = (
			);
			runOnlyForDeploymentPostprocessing = 0;
		};
/* End PBXFrameworksBuildPhase section */

/* Begin PBXGroup section */
		6706BED9243CB68500B085F3 /* 双向链表 */ = {
			isa = PBXGroup;
			children = (
				6706BEDA243CB68500B085F3 /* main.c */,
			);
			path = "双向链表";
			sourceTree = "<group>";
		};
		6706BEE4243CD93E00B085F3 /* 双向循环链表 */ = {
			isa = PBXGroup;
			children = (
				6706BEE5243CD93E00B085F3 /* main.c */,
			);
			path = "双向循环链表";
			sourceTree = "<group>";
		};
		675AEC7A24337978004EEB24 = {
			isa = PBXGroup;
			children = (
				675AEC8524337978004EEB24 /* 数据结构1 */,
				67AD03DB243AEACF00451E87 /* 单循环链表 */,
				6706BED9243CB68500B085F3 /* 双向链表 */,
				6706BEE4243CD93E00B085F3 /* 双向循环链表 */,
				675AEC8424337978004EEB24 /* Products */,
			);
			sourceTree = "<group>";
		};
		675AEC8424337978004EEB24 /* Products */ = {
			isa = PBXGroup;
			children = (
				675AEC8324337978004EEB24 /* 数据结构1 */,
				67AD03DA243AEACF00451E87 /* 单循环链表 */,
				6706BED8243CB68500B085F3 /* 双向链表 */,
				6706BEE3243CD93E00B085F3 /* 双向循环链表 */,
			);
			name = Products;
			sourceTree = "<group>";
		};
		675AEC8524337978004EEB24 /* 数据结构1 */ = {
			isa = PBXGroup;
			children = (
				675AEC8624337978004EEB24 /* main.c */,
			);
			path = "数据结构1";
			sourceTree = "<group>";
		};
		67AD03DB243AEACF00451E87 /* 单循环链表 */ = {
			isa = PBXGroup;
			children = (
				67AD03DC243AEACF00451E87 /* main.c */,
			);
			path = "单循环链表";
			sourceTree = "<group>";
		};
/* End PBXGroup section */

/* Begin PBXNativeTarget section */
		6706BED7243CB68500B085F3 /* 双向链表 */ = {
			isa = PBXNativeTarget;
			buildConfigurationList = 6706BEDC243CB68500B085F3 /* Build configuration list for PBXNativeTarget "双向链表" */;
			buildPhases = (
				6706BED4243CB68500B085F3 /* Sources */,
				6706BED5243CB68500B085F3 /* Frameworks */,
				6706BED6243CB68500B085F3 /* CopyFiles */,
			);
			buildRules = (
			);
			dependencies = (
			);
			name = "双向链表";
			productName = "双向链表";
			productReference = 6706BED8243CB68500B085F3 /* 双向链表 */;
			productType = "com.apple.product-type.tool";
		};
		6706BEE2243CD93E00B085F3 /* 双向循环链表 */ = {
			isa = PBXNativeTarget;
			buildConfigurationList = 6706BEE7243CD93E00B085F3 /* Build configuration list for PBXNativeTarget "双向循环链表" */;
			buildPhases = (
				6706BEDF243CD93E00B085F3 /* Sources */,
				6706BEE0243CD93E00B085F3 /* Frameworks */,
				6706BEE1243CD93E00B085F3 /* CopyFiles */,
			);
			buildRules = (
			);
			dependencies = (
			);
			name = "双向循环链表";
			productName = "双向循环链表";
			productReference = 6706BEE3243CD93E00B085F3 /* 双向循环链表 */;
			productType = "com.apple.product-type.tool";
		};
		675AEC8224337978004EEB24 /* 数据结构1 */ = {
			isa = PBXNativeTarget;
			buildConfigurationList = 675AEC8A24337978004EEB24 /* Build configuration list for PBXNativeTarget "数据结构1" */;
			buildPhases = (
				675AEC7F24337978004EEB24 /* Sources */,
				675AEC8024337978004EEB24 /* Frameworks */,
				675AEC8124337978004EEB24 /* CopyFiles */,
			);
			buildRules = (
			);
			dependencies = (
			);
			name = "数据结构1";
			productName = "数据结构1";
			productReference = 675AEC8324337978004EEB24 /* 数据结构1 */;
			productType = "com.apple.product-type.tool";
		};
		67AD03D9243AEACF00451E87 /* 单循环链表 */ = {
			isa = PBXNativeTarget;
			buildConfigurationList = 67AD03DE243AEACF00451E87 /* Build configuration list for PBXNativeTarget "单循环链表" */;
			buildPhases = (
				67AD03D6243AEACF00451E87 /* Sources */,
				67AD03D7243AEACF00451E87 /* Frameworks */,
				67AD03D8243AEACF00451E87 /* CopyFiles */,
			);
			buildRules = (
			);
			dependencies = (
			);
			name = "单循环链表";
			productName = "单循环链表";
			productReference = 67AD03DA243AEACF00451E87 /* 单循环链表 */;
			productType = "com.apple.product-type.tool";
		};
/* End PBXNativeTarget section */

/* Begin PBXProject section */
		675AEC7B24337978004EEB24 /* Project object */ = {
			isa = PBXProject;
			attributes = {
				LastUpgradeCheck = 1030;
				ORGANIZATIONNAME = Typeco;
				TargetAttributes = {
					6706BED7243CB68500B085F3 = {
						CreatedOnToolsVersion = 10.3;
					};
					6706BEE2243CD93E00B085F3 = {
						CreatedOnToolsVersion = 10.3;
					};
					675AEC8224337978004EEB24 = {
						CreatedOnToolsVersion = 10.3;
					};
					67AD03D9243AEACF00451E87 = {
						CreatedOnToolsVersion = 10.3;
					};
				};
			};
			buildConfigurationList = 675AEC7E24337978004EEB24 /* Build configuration list for PBXProject "数据结构1" */;
			compatibilityVersion = "Xcode 9.3";
			developmentRegion = en;
			hasScannedForEncodings = 0;
			knownRegions = (
				en,
			);
			mainGroup = 675AEC7A24337978004EEB24;
			productRefGroup = 675AEC8424337978004EEB24 /* Products */;
			projectDirPath = "";
			projectRoot = "";
			targets = (
				675AEC8224337978004EEB24 /* 数据结构1 */,
				67AD03D9243AEACF00451E87 /* 单循环链表 */,
				6706BED7243CB68500B085F3 /* 双向链表 */,
				6706BEE2243CD93E00B085F3 /* 双向循环链表 */,
			);
		};
/* End PBXProject section */

/* Begin PBXSourcesBuildPhase section */
		6706BED4243CB68500B085F3 /* Sources */ = {
			isa = PBXSourcesBuildPhase;
			buildActionMask = 2147483647;
			files = (
				6706BEDB243CB68500B085F3 /* main.c in Sources */,
			);
			runOnlyForDeploymentPostprocessing = 0;
		};
		6706BEDF243CD93E00B085F3 /* Sources */ = {
			isa = PBXSourcesBuildPhase;
			buildActionMask = 2147483647;
			files = (
				6706BEE6243CD93E00B085F3 /* main.c in Sources */,
			);
			runOnlyForDeploymentPostprocessing = 0;
		};
		675AEC7F24337978004EEB24 /* Sources */ = {
			isa = PBXSourcesBuildPhase;
			buildActionMask = 2147483647;
			files = (
				675AEC8724337978004EEB24 /* main.c in Sources */,
			);
			runOnlyForDeploymentPostprocessing = 0;
		};
		67AD03D6243AEACF00451E87 /* Sources */ = {
			isa = PBXSourcesBuildPhase;
			buildActionMask = 2147483647;
			files = (
				67AD03DD243AEACF00451E87 /* main.c in Sources */,
			);
			runOnlyForDeploymentPostprocessing = 0;
		};
/* End PBXSourcesBuildPhase section */

/* Begin XCBuildConfiguration section */
		6706BEDD243CB68500B085F3 /* Debug */ = {
			isa = XCBuildConfiguration;
			buildSettings = {
				CODE_SIGN_STYLE = Automatic;
				PRODUCT_NAME = "$(TARGET_NAME)";
			};
			name = Debug;
		};
		6706BEDE243CB68500B085F3 /* Release */ = {
			isa = XCBuildConfiguration;
			buildSettings = {
				CODE_SIGN_STYLE = Automatic;
				PRODUCT_NAME = "$(TARGET_NAME)";
			};
			name = Release;
		};
		6706BEE8243CD93E00B085F3 /* Debug */ = {
			isa = XCBuildConfiguration;
			buildSettings = {
				CODE_SIGN_STYLE = Automatic;
				PRODUCT_NAME = "$(TARGET_NAME)";
			};
			name = Debug;
		};
		6706BEE9243CD93E00B085F3 /* Release */ = {
			isa = XCBuildConfiguration;
			buildSettings = {
				CODE_SIGN_STYLE = Automatic;
				PRODUCT_NAME = "$(TARGET_NAME)";
			};
			name = Release;
		};
		675AEC8824337978004EEB24 /* Debug */ = {
			isa = XCBuildConfiguration;
			buildSettings = {
				ALWAYS_SEARCH_USER_PATHS = NO;
				CLANG_ANALYZER_NONNULL = YES;
				CLANG_ANALYZER_NUMBER_OBJECT_CONVERSION = YES_AGGRESSIVE;
				CLANG_CXX_LANGUAGE_STANDARD = "gnu++14";
				CLANG_CXX_LIBRARY = "libc++";
				CLANG_ENABLE_MODULES = YES;
				CLANG_ENABLE_OBJC_ARC = YES;
				CLANG_ENABLE_OBJC_WEAK = YES;
				CLANG_WARN_BLOCK_CAPTURE_AUTORELEASING = YES;
				CLANG_WARN_BOOL_CONVERSION = YES;
				CLANG_WARN_COMMA = YES;
				CLANG_WARN_CONSTANT_CONVERSION = YES;
				CLANG_WARN_DEPRECATED_OBJC_IMPLEMENTATIONS = YES;
				CLANG_WARN_DIRECT_OBJC_ISA_USAGE = YES_ERROR;
				CLANG_WARN_DOCUMENTATION_COMMENTS = YES;
				CLANG_WARN_EMPTY_BODY = YES;
				CLANG_WARN_ENUM_CONVERSION = YES;
				CLANG_WARN_INFINITE_RECURSION = YES;
				CLANG_WARN_INT_CONVERSION = YES;
				CLANG_WARN_NON_LITERAL_NULL_CONVERSION = YES;
				CLANG_WARN_OBJC_IMPLICIT_RETAIN_SELF = YES;
				CLANG_WARN_OBJC_LITERAL_CONVERSION = YES;
				CLANG_WARN_OBJC_ROOT_CLASS = YES_ERROR;
				CLANG_WARN_RANGE_LOOP_ANALYSIS = YES;
				CLANG_WARN_STRICT_PROTOTYPES = YES;
				CLANG_WARN_SUSPICIOUS_MOVE = YES;
				CLANG_WARN_UNGUARDED_AVAILABILITY = YES_AGGRESSIVE;
				CLANG_WARN_UNREACHABLE_CODE = YES;
				CLANG_WARN__DUPLICATE_METHOD_MATCH = YES;
				CODE_SIGN_IDENTITY = "-";
				COPY_PHASE_STRIP = NO;
				DEBUG_INFORMATION_FORMAT = dwarf;
				ENABLE_STRICT_OBJC_MSGSEND = YES;
				ENABLE_TESTABILITY = YES;
				GCC_C_LANGUAGE_STANDARD = gnu11;
				GCC_DYNAMIC_NO_PIC = NO;
				GCC_NO_COMMON_BLOCKS = YES;
				GCC_OPTIMIZATION_LEVEL = 0;
				GCC_PREPROCESSOR_DEFINITIONS = (
					"DEBUG=1",
					"$(inherited)",
				);
				GCC_WARN_64_TO_32_BIT_CONVERSION = YES;
				GCC_WARN_ABOUT_RETURN_TYPE = YES_ERROR;
				GCC_WARN_UNDECLARED_SELECTOR = YES;
				GCC_WARN_UNINITIALIZED_AUTOS = YES_AGGRESSIVE;
				GCC_WARN_UNUSED_FUNCTION = YES;
				GCC_WARN_UNUSED_VARIABLE = YES;
				MACOSX_DEPLOYMENT_TARGET = 10.14;
				MTL_ENABLE_DEBUG_INFO = INCLUDE_SOURCE;
				MTL_FAST_MATH = YES;
				ONLY_ACTIVE_ARCH = YES;
				SDKROOT = macosx;
			};
			name = Debug;
		};
		675AEC8924337978004EEB24 /* Release */ = {
			isa = XCBuildConfiguration;
			buildSettings = {
				ALWAYS_SEARCH_USER_PATHS = NO;
				CLANG_ANALYZER_NONNULL = YES;
				CLANG_ANALYZER_NUMBER_OBJECT_CONVERSION = YES_AGGRESSIVE;
				CLANG_CXX_LANGUAGE_STANDARD = "gnu++14";
				CLANG_CXX_LIBRARY = "libc++";
				CLANG_ENABLE_MODULES = YES;
				CLANG_ENABLE_OBJC_ARC = YES;
				CLANG_ENABLE_OBJC_WEAK = YES;
				CLANG_WARN_BLOCK_CAPTURE_AUTORELEASING = YES;
				CLANG_WARN_BOOL_CONVERSION = YES;
				CLANG_WARN_COMMA = YES;
				CLANG_WARN_CONSTANT_CONVERSION = YES;
				CLANG_WARN_DEPRECATED_OBJC_IMPLEMENTATIONS = YES;
				CLANG_WARN_DIRECT_OBJC_ISA_USAGE = YES_ERROR;
				CLANG_WARN_DOCUMENTATION_COMMENTS = YES;
				CLANG_WARN_EMPTY_BODY = YES;
				CLANG_WARN_ENUM_CONVERSION = YES;
				CLANG_WARN_INFINITE_RECURSION = YES;
				CLANG_WARN_INT_CONVERSION = YES;
				CLANG_WARN_NON_LITERAL_NULL_CONVERSION = YES;
				CLANG_WARN_OBJC_IMPLICIT_RETAIN_SELF = YES;
				CLANG_WARN_OBJC_LITERAL_CONVERSION = YES;
				CLANG_WARN_OBJC_ROOT_CLASS = YES_ERROR;
				CLANG_WARN_RANGE_LOOP_ANALYSIS = YES;
				CLANG_WARN_STRICT_PROTOTYPES = YES;
				CLANG_WARN_SUSPICIOUS_MOVE = YES;
				CLANG_WARN_UNGUARDED_AVAILABILITY = YES_AGGRESSIVE;
				CLANG_WARN_UNREACHABLE_CODE = YES;
				CLANG_WARN__DUPLICATE_METHOD_MATCH = YES;
				CODE_SIGN_IDENTITY = "-";
				COPY_PHASE_STRIP = NO;
				DEBUG_INFORMATION_FORMAT = "dwarf-with-dsym";
				ENABLE_NS_ASSERTIONS = NO;
				ENABLE_STRICT_OBJC_MSGSEND = YES;
				GCC_C_LANGUAGE_STANDARD = gnu11;
				GCC_NO_COMMON_BLOCKS = YES;
				GCC_WARN_64_TO_32_BIT_CONVERSION = YES;
				GCC_WARN_ABOUT_RETURN_TYPE = YES_ERROR;
				GCC_WARN_UNDECLARED_SELECTOR = YES;
				GCC_WARN_UNINITIALIZED_AUTOS = YES_AGGRESSIVE;
				GCC_WARN_UNUSED_FUNCTION = YES;
				GCC_WARN_UNUSED_VARIABLE = YES;
				MACOSX_DEPLOYMENT_TARGET = 10.14;
				MTL_ENABLE_DEBUG_INFO = NO;
				MTL_FAST_MATH = YES;
				SDKROOT = macosx;
			};
			name = Release;
		};
		675AEC8B24337978004EEB24 /* Debug */ = {
			isa = XCBuildConfiguration;
			buildSettings = {
				CODE_SIGN_STYLE = Automatic;
				PRODUCT_NAME = "$(TARGET_NAME)";
			};
			name = Debug;
		};
		675AEC8C24337978004EEB24 /* Release */ = {
			isa = XCBuildConfiguration;
			buildSettings = {
				CODE_SIGN_STYLE = Automatic;
				PRODUCT_NAME = "$(TARGET_NAME)";
			};
			name = Release;
		};
		67AD03DF243AEACF00451E87 /* Debug */ = {
			isa = XCBuildConfiguration;
			buildSettings = {
				CODE_SIGN_STYLE = Automatic;
				PRODUCT_NAME = "$(TARGET_NAME)";
			};
			name = Debug;
		};
		67AD03E0243AEACF00451E87 /* Release */ = {
			isa = XCBuildConfiguration;
			buildSettings = {
				CODE_SIGN_STYLE = Automatic;
				PRODUCT_NAME = "$(TARGET_NAME)";
			};
			name = Release;
		};
/* End XCBuildConfiguration section */

/* Begin XCConfigurationList section */
		6706BEDC243CB68500B085F3 /* Build configuration list for PBXNativeTarget "双向链表" */ = {
			isa = XCConfigurationList;
			buildConfigurations = (
				6706BEDD243CB68500B085F3 /* Debug */,
				6706BEDE243CB68500B085F3 /* Release */,
			);
			defaultConfigurationIsVisible = 0;
			defaultConfigurationName = Release;
		};
		6706BEE7243CD93E00B085F3 /* Build configuration list for PBXNativeTarget "双向循环链表" */ = {
			isa = XCConfigurationList;
			buildConfigurations = (
				6706BEE8243CD93E00B085F3 /* Debug */,
				6706BEE9243CD93E00B085F3 /* Release */,
			);
			defaultConfigurationIsVisible = 0;
			defaultConfigurationName = Release;
		};
		675AEC7E24337978004EEB24 /* Build configuration list for PBXProject "数据结构1" */ = {
			isa = XCConfigurationList;
			buildConfigurations = (
				675AEC8824337978004EEB24 /* Debug */,
				675AEC8924337978004EEB24 /* Release */,
			);
			defaultConfigurationIsVisible = 0;
			defaultConfigurationName = Release;
		};
		675AEC8A24337978004EEB24 /* Build configuration list for PBXNativeTarget "数据结构1" */ = {
			isa = XCConfigurationList;
			buildConfigurations = (
				675AEC8B24337978004EEB24 /* Debug */,
				675AEC8C24337978004EEB24 /* Release */,
			);
			defaultConfigurationIsVisible = 0;
			defaultConfigurationName = Release;
		};
		67AD03DE243AEACF00451E87 /* Build configuration list for PBXNativeTarget "单循环链表" */ = {
			isa = XCConfigurationList;
			buildConfigurations = (
				67AD03DF243AEACF00451E87 /* Debug */,
				67AD03E0243AEACF00451E87 /* Release */,
			);
			defaultConfigurationIsVisible = 0;
			defaultConfigurationName = Release;
		};
/* End XCConfigurationList section */
	};
	rootObject = 675AEC7B24337978004EEB24 /* Project object */;
}
