// !$*UTF8*$!
{
	archiveVersion = 1;
	classes = {
	};
	objectVersion = 50;
	objects = {

/* Begin PBXBuildFile section */
		6706BEDB243CB68500B085F3 /* main.c in Sources */ = {isa = PBXBuildFile; fileRef = 6706BEDA243CB68500B085F3 /* main.c */; };
		6706BEE6243CD93E00B085F3 /* main.c in Sources */ = {isa = PBXBuildFile; fileRef = 6706BEE5243CD93E00B085F3 /* main.c */; };
		675AEC8724337978004EEB24 /* main.c in Sources */ = {isa = PBXBuildFile; fileRef = 675AEC8624337978004EEB24 /* main.c */; };
		675CBA172442F13600334C5F /* main.c in Sources */ = {isa = PBXBuildFile; fileRef = 675CBA162442F13600334C5F /* main.c */; };
		675CBA222442F93200334C5F /* main.c in Sources */ = {isa = PBXBuildFile; fileRef = 675CBA212442F93200334C5F /* main.c */; };
		675D7F342447428300F77772 /* main.c in Sources */ = {isa = PBXBuildFile; fileRef = 675D7F332447428300F77772 /* main.c */; };
		6766CEC8244DFC0600DFBEA1 /* main.c in Sources */ = {isa = PBXBuildFile; fileRef = 6766CEC7244DFC0600DFBEA1 /* main.c */; };
		679B225B2450FCF9007653BD /* main.c in Sources */ = {isa = PBXBuildFile; fileRef = 679B225A2450FCF9007653BD /* main.c */; };
		67A59B762441A4820015AE7E /* main.c in Sources */ = {isa = PBXBuildFile; fileRef = 67A59B752441A4820015AE7E /* main.c */; };
		67A8B0FB2445E4EE00A44321 /* main.c in Sources */ = {isa = PBXBuildFile; fileRef = 67A8B0FA2445E4EE00A44321 /* main.c */; };
		67A8B1062445E4F400A44321 /* main.c in Sources */ = {isa = PBXBuildFile; fileRef = 67A8B1052445E4F400A44321 /* main.c */; };
		67AD03DD243AEACF00451E87 /* main.c in Sources */ = {isa = PBXBuildFile; fileRef = 67AD03DC243AEACF00451E87 /* main.c */; };
		67D448D4244F3B380084F9DC /* main.c in Sources */ = {isa = PBXBuildFile; fileRef = 67D448D3244F3B380084F9DC /* main.c */; };
		67EA788224409EC900230FF8 /* main.c in Sources */ = {isa = PBXBuildFile; fileRef = 67EA788124409EC900230FF8 /* main.c */; };
/* End PBXBuildFile section */

/* Begin PBXCopyFilesBuildPhase section */
		6706BED6243CB68500B085F3 /* CopyFiles */ = {
			isa = PBXCopyFilesBuildPhase;
			buildActionMask = 2147483647;
			dstPath = /usr/share/man/man1/;
			dstSubfolderSpec = 0;
			files = (
			);
			runOnlyForDeploymentPostprocessing = 1;
		};
		6706BEE1243CD93E00B085F3 /* CopyFiles */ = {
			isa = PBXCopyFilesBuildPhase;
			buildActionMask = 2147483647;
			dstPath = /usr/share/man/man1/;
			dstSubfolderSpec = 0;
			files = (
			);
			runOnlyForDeploymentPostprocessing = 1;
		};
		675AEC8124337978004EEB24 /* CopyFiles */ = {
			isa = PBXCopyFilesBuildPhase;
			buildActionMask = 2147483647;
			dstPath = /usr/share/man/man1/;
			dstSubfolderSpec = 0;
			files = (
			);
			runOnlyForDeploymentPostprocessing = 1;
		};
		675CBA122442F13600334C5F /* CopyFiles */ = {
			isa = PBXCopyFilesBuildPhase;
			buildActionMask = 2147483647;
			dstPath = /usr/share/man/man1/;
			dstSubfolderSpec = 0;
			files = (
			);
			runOnlyForDeploymentPostprocessing = 1;
		};
		675CBA1D2442F93200334C5F /* CopyFiles */ = {
			isa = PBXCopyFilesBuildPhase;
			buildActionMask = 2147483647;
			dstPath = /usr/share/man/man1/;
			dstSubfolderSpec = 0;
			files = (
			);
			runOnlyForDeploymentPostprocessing = 1;
		};
		675D7F24244741B400F77772 /* CopyFiles */ = {
			isa = PBXCopyFilesBuildPhase;
			buildActionMask = 2147483647;
			dstPath = /usr/share/man/man1/;
			dstSubfolderSpec = 0;
			files = (
			);
			runOnlyForDeploymentPostprocessing = 1;
		};
		675D7F2F2447428300F77772 /* CopyFiles */ = {
			isa = PBXCopyFilesBuildPhase;
			buildActionMask = 2147483647;
			dstPath = /usr/share/man/man1/;
			dstSubfolderSpec = 0;
			files = (
			);
			runOnlyForDeploymentPostprocessing = 1;
		};
		6766CEC3244DFC0600DFBEA1 /* CopyFiles */ = {
			isa = PBXCopyFilesBuildPhase;
			buildActionMask = 2147483647;
			dstPath = /usr/share/man/man1/;
			dstSubfolderSpec = 0;
			files = (
			);
			runOnlyForDeploymentPostprocessing = 1;
		};
		679B22562450FCF9007653BD /* CopyFiles */ = {
			isa = PBXCopyFilesBuildPhase;
			buildActionMask = 2147483647;
			dstPath = /usr/share/man/man1/;
			dstSubfolderSpec = 0;
			files = (
			);
			runOnlyForDeploymentPostprocessing = 1;
		};
		67A59B712441A4820015AE7E /* CopyFiles */ = {
			isa = PBXCopyFilesBuildPhase;
			buildActionMask = 2147483647;
			dstPath = /usr/share/man/man1/;
			dstSubfolderSpec = 0;
			files = (
			);
			runOnlyForDeploymentPostprocessing = 1;
		};
		67A8B0F62445E4EE00A44321 /* CopyFiles */ = {
			isa = PBXCopyFilesBuildPhase;
			buildActionMask = 2147483647;
			dstPath = /usr/share/man/man1/;
			dstSubfolderSpec = 0;
			files = (
			);
			runOnlyForDeploymentPostprocessing = 1;
		};
		67A8B1012445E4F400A44321 /* CopyFiles */ = {
			isa = PBXCopyFilesBuildPhase;
			buildActionMask = 2147483647;
			dstPath = /usr/share/man/man1/;
			dstSubfolderSpec = 0;
			files = (
			);
			runOnlyForDeploymentPostprocessing = 1;
		};
		67AD03D8243AEACF00451E87 /* CopyFiles */ = {
			isa = PBXCopyFilesBuildPhase;
			buildActionMask = 2147483647;
			dstPath = /usr/share/man/man1/;
			dstSubfolderSpec = 0;
			files = (
			);
			runOnlyForDeploymentPostprocessing = 1;
		};
		67D448CF244F3B380084F9DC /* CopyFiles */ = {
			isa = PBXCopyFilesBuildPhase;
			buildActionMask = 2147483647;
			dstPath = /usr/share/man/man1/;
			dstSubfolderSpec = 0;
			files = (
			);
			runOnlyForDeploymentPostprocessing = 1;
		};
		67EA787D24409EC900230FF8 /* CopyFiles */ = {
			isa = PBXCopyFilesBuildPhase;
			buildActionMask = 2147483647;
			dstPath = /usr/share/man/man1/;
			dstSubfolderSpec = 0;
			files = (
			);
			runOnlyForDeploymentPostprocessing = 1;
		};
/* End PBXCopyFilesBuildPhase section */

/* Begin PBXFileReference section */
		6706BED8243CB68500B085F3 /* 双向链表 */ = {isa = PBXFileReference; explicitFileType = "compiled.mach-o.executable"; includeInIndex = 0; path = "双向链表"; sourceTree = BUILT_PRODUCTS_DIR; };
		6706BEDA243CB68500B085F3 /* main.c */ = {isa = PBXFileReference; lastKnownFileType = sourcecode.c.c; path = main.c; sourceTree = "<group>"; };
		6706BEE3243CD93E00B085F3 /* 双向循环链表 */ = {isa = PBXFileReference; explicitFileType = "compiled.mach-o.executable"; includeInIndex = 0; path = "双向循环链表"; sourceTree = BUILT_PRODUCTS_DIR; };
		6706BEE5243CD93E00B085F3 /* main.c */ = {isa = PBXFileReference; lastKnownFileType = sourcecode.c.c; path = main.c; sourceTree = "<group>"; };
		675AEC8324337978004EEB24 /* 数据结构1 */ = {isa = PBXFileReference; explicitFileType = "compiled.mach-o.executable"; includeInIndex = 0; path = "数据结构1"; sourceTree = BUILT_PRODUCTS_DIR; };
		675AEC8624337978004EEB24 /* main.c */ = {isa = PBXFileReference; lastKnownFileType = sourcecode.c.c; path = main.c; sourceTree = "<group>"; };
		675CBA142442F13600334C5F /* 栈 */ = {isa = PBXFileReference; explicitFileType = "compiled.mach-o.executable"; includeInIndex = 0; path = "栈"; sourceTree = BUILT_PRODUCTS_DIR; };
		675CBA162442F13600334C5F /* main.c */ = {isa = PBXFileReference; lastKnownFileType = sourcecode.c.c; path = main.c; sourceTree = "<group>"; };
		675CBA1F2442F93200334C5F /* 链式栈 */ = {isa = PBXFileReference; explicitFileType = "compiled.mach-o.executable"; includeInIndex = 0; path = "链式栈"; sourceTree = BUILT_PRODUCTS_DIR; };
		675CBA212442F93200334C5F /* main.c */ = {isa = PBXFileReference; lastKnownFileType = sourcecode.c.c; path = main.c; sourceTree = "<group>"; };
		675D7F26244741B400F77772 /* 算法题-栈 */ = {isa = PBXFileReference; explicitFileType = "compiled.mach-o.executable"; includeInIndex = 0; path = "算法题-栈"; sourceTree = BUILT_PRODUCTS_DIR; };
		675D7F312447428300F77772 /* 算法题 */ = {isa = PBXFileReference; explicitFileType = "compiled.mach-o.executable"; includeInIndex = 0; path = "算法题"; sourceTree = BUILT_PRODUCTS_DIR; };
		675D7F332447428300F77772 /* main.c */ = {isa = PBXFileReference; lastKnownFileType = sourcecode.c.c; path = main.c; sourceTree = "<group>"; };
		6766CEC5244DFC0600DFBEA1 /* 去除重复字母 */ = {isa = PBXFileReference; explicitFileType = "compiled.mach-o.executable"; includeInIndex = 0; path = "去除重复字母"; sourceTree = BUILT_PRODUCTS_DIR; };
		6766CEC7244DFC0600DFBEA1 /* main.c */ = {isa = PBXFileReference; lastKnownFileType = sourcecode.c.c; path = main.c; sourceTree = "<group>"; };
		679B22582450FCF9007653BD /* KMP算法 */ = {isa = PBXFileReference; explicitFileType = "compiled.mach-o.executable"; includeInIndex = 0; path = "KMP算法"; sourceTree = BUILT_PRODUCTS_DIR; };
		679B225A2450FCF9007653BD /* main.c */ = {isa = PBXFileReference; lastKnownFileType = sourcecode.c.c; path = main.c; sourceTree = "<group>"; };
		67A59B732441A4820015AE7E /* 线性表练习题 */ = {isa = PBXFileReference; explicitFileType = "compiled.mach-o.executable"; includeInIndex = 0; path = "线性表练习题"; sourceTree = BUILT_PRODUCTS_DIR; };
		67A59B752441A4820015AE7E /* main.c */ = {isa = PBXFileReference; lastKnownFileType = sourcecode.c.c; path = main.c; sourceTree = "<group>"; };
		67A8B0F82445E4EE00A44321 /* 线性队列 */ = {isa = PBXFileReference; explicitFileType = "compiled.mach-o.executable"; includeInIndex = 0; path = "线性队列"; sourceTree = BUILT_PRODUCTS_DIR; };
		67A8B0FA2445E4EE00A44321 /* main.c */ = {isa = PBXFileReference; lastKnownFileType = sourcecode.c.c; path = main.c; sourceTree = "<group>"; };
		67A8B1032445E4F400A44321 /* 链式队列 */ = {isa = PBXFileReference; explicitFileType = "compiled.mach-o.executable"; includeInIndex = 0; path = "链式队列"; sourceTree = BUILT_PRODUCTS_DIR; };
		67A8B1052445E4F400A44321 /* main.c */ = {isa = PBXFileReference; lastKnownFileType = sourcecode.c.c; path = main.c; sourceTree = "<group>"; };
		67AD03DA243AEACF00451E87 /* 单循环链表 */ = {isa = PBXFileReference; explicitFileType = "compiled.mach-o.executable"; includeInIndex = 0; path = "单循环链表"; sourceTree = BUILT_PRODUCTS_DIR; };
		67AD03DC243AEACF00451E87 /* main.c */ = {isa = PBXFileReference; lastKnownFileType = sourcecode.c.c; path = main.c; sourceTree = "<group>"; };
		67D448D1244F3B380084F9DC /* 字符串匹配 */ = {isa = PBXFileReference; explicitFileType = "compiled.mach-o.executable"; includeInIndex = 0; path = "字符串匹配"; sourceTree = BUILT_PRODUCTS_DIR; };
		67D448D3244F3B380084F9DC /* main.c */ = {isa = PBXFileReference; lastKnownFileType = sourcecode.c.c; path = main.c; sourceTree = "<group>"; };
		67EA787F24409EC900230FF8 /* 栈顺序存储实现 */ = {isa = PBXFileReference; explicitFileType = "compiled.mach-o.executable"; includeInIndex = 0; path = "栈顺序存储实现"; sourceTree = BUILT_PRODUCTS_DIR; };
		67EA788124409EC900230FF8 /* main.c */ = {isa = PBXFileReference; lastKnownFileType = sourcecode.c.c; path = main.c; sourceTree = "<group>"; };
/* End PBXFileReference section */

/* Begin PBXFrameworksBuildPhase section */
		6706BED5243CB68500B085F3 /* Frameworks */ = {
			isa = PBXFrameworksBuildPhase;
			buildActionMask = 2147483647;
			files = (
			);
			runOnlyForDeploymentPostprocessing = 0;
		};
		6706BEE0243CD93E00B085F3 /* Frameworks */ = {
			isa = PBXFrameworksBuildPhase;
			buildActionMask = 2147483647;
			files = (
			);
			runOnlyForDeploymentPostprocessing = 0;
		};
		675AEC8024337978004EEB24 /* Frameworks */ = {
			isa = PBXFrameworksBuildPhase;
			buildActionMask = 2147483647;
			files = (
			);
			runOnlyForDeploymentPostprocessing = 0;
		};
		675CBA112442F13600334C5F /* Frameworks */ = {
			isa = PBXFrameworksBuildPhase;
			buildActionMask = 2147483647;
			files = (
			);
			runOnlyForDeploymentPostprocessing = 0;
		};
		675CBA1C2442F93200334C5F /* Frameworks */ = {
			isa = PBXFrameworksBuildPhase;
			buildActionMask = 2147483647;
			files = (
			);
			runOnlyForDeploymentPostprocessing = 0;
		};
		675D7F23244741B400F77772 /* Frameworks */ = {
			isa = PBXFrameworksBuildPhase;
			buildActionMask = 2147483647;
			files = (
			);
			runOnlyForDeploymentPostprocessing = 0;
		};
		675D7F2E2447428300F77772 /* Frameworks */ = {
			isa = PBXFrameworksBuildPhase;
			buildActionMask = 2147483647;
			files = (
			);
			runOnlyForDeploymentPostprocessing = 0;
		};
		6766CEC2244DFC0600DFBEA1 /* Frameworks */ = {
			isa = PBXFrameworksBuildPhase;
			buildActionMask = 2147483647;
			files = (
			);
			runOnlyForDeploymentPostprocessing = 0;
		};
		679B22552450FCF9007653BD /* Frameworks */ = {
			isa = PBXFrameworksBuildPhase;
			buildActionMask = 2147483647;
			files = (
			);
			runOnlyForDeploymentPostprocessing = 0;
		};
		67A59B702441A4820015AE7E /* Frameworks */ = {
			isa = PBXFrameworksBuildPhase;
			buildActionMask = 2147483647;
			files = (
			);
			runOnlyForDeploymentPostprocessing = 0;
		};
		67A8B0F52445E4EE00A44321 /* Frameworks */ = {
			isa = PBXFrameworksBuildPhase;
			buildActionMask = 2147483647;
			files = (
			);
			runOnlyForDeploymentPostprocessing = 0;
		};
		67A8B1002445E4F400A44321 /* Frameworks */ = {
			isa = PBXFrameworksBuildPhase;
			buildActionMask = 2147483647;
			files = (
			);
			runOnlyForDeploymentPostprocessing = 0;
		};
		67AD03D7243AEACF00451E87 /* Frameworks */ = {
			isa = PBXFrameworksBuildPhase;
			buildActionMask = 2147483647;
			files = (
			);
			runOnlyForDeploymentPostprocessing = 0;
		};
		67D448CE244F3B380084F9DC /* Frameworks */ = {
			isa = PBXFrameworksBuildPhase;
			buildActionMask = 2147483647;
			files = (
			);
			runOnlyForDeploymentPostprocessing = 0;
		};
		67EA787C24409EC900230FF8 /* Frameworks */ = {
			isa = PBXFrameworksBuildPhase;
			buildActionMask = 2147483647;
			files = (
			);
			runOnlyForDeploymentPostprocessing = 0;
		};
/* End PBXFrameworksBuildPhase section */

/* Begin PBXGroup section */
		6706BED9243CB68500B085F3 /* 双向链表 */ = {
			isa = PBXGroup;
			children = (
				6706BEDA243CB68500B085F3 /* main.c */,
			);
			path = "双向链表";
			sourceTree = "<group>";
		};
		6706BEE4243CD93E00B085F3 /* 双向循环链表 */ = {
			isa = PBXGroup;
			children = (
				6706BEE5243CD93E00B085F3 /* main.c */,
			);
			path = "双向循环链表";
			sourceTree = "<group>";
		};
		675AEC7A24337978004EEB24 = {
			isa = PBXGroup;
			children = (
				675AEC8524337978004EEB24 /* 数据结构1 */,
				67AD03DB243AEACF00451E87 /* 单循环链表 */,
				6706BED9243CB68500B085F3 /* 双向链表 */,
				6706BEE4243CD93E00B085F3 /* 双向循环链表 */,
				67EA788024409EC900230FF8 /* 栈顺序存储实现 */,
				67A59B742441A4820015AE7E /* 线性表练习题 */,
				675CBA152442F13600334C5F /* 栈 */,
				675CBA202442F93200334C5F /* 链式栈 */,
				67A8B0F92445E4EE00A44321 /* 线性队列 */,
				67A8B1042445E4F400A44321 /* 链式队列 */,
				675D7F322447428300F77772 /* 算法题 */,
				6766CEC6244DFC0600DFBEA1 /* 去除重复字母 */,
				67D448D2244F3B380084F9DC /* 字符串匹配 */,
				679B22592450FCF9007653BD /* KMP算法 */,
				675AEC8424337978004EEB24 /* Products */,
			);
			sourceTree = "<group>";
		};
		675AEC8424337978004EEB24 /* Products */ = {
			isa = PBXGroup;
			children = (
				675AEC8324337978004EEB24 /* 数据结构1 */,
				67AD03DA243AEACF00451E87 /* 单循环链表 */,
				6706BED8243CB68500B085F3 /* 双向链表 */,
				6706BEE3243CD93E00B085F3 /* 双向循环链表 */,
				67EA787F24409EC900230FF8 /* 栈顺序存储实现 */,
				67A59B732441A4820015AE7E /* 线性表练习题 */,
				675CBA142442F13600334C5F /* 栈 */,
				675CBA1F2442F93200334C5F /* 链式栈 */,
				67A8B0F82445E4EE00A44321 /* 线性队列 */,
				67A8B1032445E4F400A44321 /* 链式队列 */,
				675D7F26244741B400F77772 /* 算法题-栈 */,
				675D7F312447428300F77772 /* 算法题 */,
				6766CEC5244DFC0600DFBEA1 /* 去除重复字母 */,
				67D448D1244F3B380084F9DC /* 字符串匹配 */,
				679B22582450FCF9007653BD /* KMP算法 */,
			);
			name = Products;
			sourceTree = "<group>";
		};
		675AEC8524337978004EEB24 /* 数据结构1 */ = {
			isa = PBXGroup;
			children = (
				675AEC8624337978004EEB24 /* main.c */,
			);
			path = "数据结构1";
			sourceTree = "<group>";
		};
		675CBA152442F13600334C5F /* 栈 */ = {
			isa = PBXGroup;
			children = (
				675CBA162442F13600334C5F /* main.c */,
			);
			path = "栈";
			sourceTree = "<group>";
		};
		675CBA202442F93200334C5F /* 链式栈 */ = {
			isa = PBXGroup;
			children = (
				675CBA212442F93200334C5F /* main.c */,
			);
			path = "链式栈";
			sourceTree = "<group>";
		};
		675D7F322447428300F77772 /* 算法题 */ = {
			isa = PBXGroup;
			children = (
				675D7F332447428300F77772 /* main.c */,
			);
			path = "算法题";
			sourceTree = "<group>";
		};
		6766CEC6244DFC0600DFBEA1 /* 去除重复字母 */ = {
			isa = PBXGroup;
			children = (
				6766CEC7244DFC0600DFBEA1 /* main.c */,
			);
			path = "去除重复字母";
			sourceTree = "<group>";
		};
		679B22592450FCF9007653BD /* KMP算法 */ = {
			isa = PBXGroup;
			children = (
				679B225A2450FCF9007653BD /* main.c */,
			);
			path = "KMP算法";
			sourceTree = "<group>";
		};
		67A59B742441A4820015AE7E /* 线性表练习题 */ = {
			isa = PBXGroup;
			children = (
				67A59B752441A4820015AE7E /* main.c */,
			);
			path = "线性表练习题";
			sourceTree = "<group>";
		};
		67A8B0F92445E4EE00A44321 /* 线性队列 */ = {
			isa = PBXGroup;
			children = (
				67A8B0FA2445E4EE00A44321 /* main.c */,
			);
			path = "线性队列";
			sourceTree = "<group>";
		};
		67A8B1042445E4F400A44321 /* 链式队列 */ = {
			isa = PBXGroup;
			children = (
				67A8B1052445E4F400A44321 /* main.c */,
			);
			path = "链式队列";
			sourceTree = "<group>";
		};
		67AD03DB243AEACF00451E87 /* 单循环链表 */ = {
			isa = PBXGroup;
			children = (
				67AD03DC243AEACF00451E87 /* main.c */,
			);
			path = "单循环链表";
			sourceTree = "<group>";
		};
		67D448D2244F3B380084F9DC /* 字符串匹配 */ = {
			isa = PBXGroup;
			children = (
				67D448D3244F3B380084F9DC /* main.c */,
			);
			path = "字符串匹配";
			sourceTree = "<group>";
		};
		67EA788024409EC900230FF8 /* 栈顺序存储实现 */ = {
			isa = PBXGroup;
			children = (
				67EA788124409EC900230FF8 /* main.c */,
			);
			path = "栈顺序存储实现";
			sourceTree = "<group>";
		};
/* End PBXGroup section */

/* Begin PBXNativeTarget section */
		6706BED7243CB68500B085F3 /* 双向链表 */ = {
			isa = PBXNativeTarget;
			buildConfigurationList = 6706BEDC243CB68500B085F3 /* Build configuration list for PBXNativeTarget "双向链表" */;
			buildPhases = (
				6706BED4243CB68500B085F3 /* Sources */,
				6706BED5243CB68500B085F3 /* Frameworks */,
				6706BED6243CB68500B085F3 /* CopyFiles */,
			);
			buildRules = (
			);
			dependencies = (
			);
			name = "双向链表";
			productName = "双向链表";
			productReference = 6706BED8243CB68500B085F3 /* 双向链表 */;
			productType = "com.apple.product-type.tool";
		};
		6706BEE2243CD93E00B085F3 /* 双向循环链表 */ = {
			isa = PBXNativeTarget;
			buildConfigurationList = 6706BEE7243CD93E00B085F3 /* Build configuration list for PBXNativeTarget "双向循环链表" */;
			buildPhases = (
				6706BEDF243CD93E00B085F3 /* Sources */,
				6706BEE0243CD93E00B085F3 /* Frameworks */,
				6706BEE1243CD93E00B085F3 /* CopyFiles */,
			);
			buildRules = (
			);
			dependencies = (
			);
			name = "双向循环链表";
			productName = "双向循环链表";
			productReference = 6706BEE3243CD93E00B085F3 /* 双向循环链表 */;
			productType = "com.apple.product-type.tool";
		};
		675AEC8224337978004EEB24 /* 数据结构1 */ = {
			isa = PBXNativeTarget;
			buildConfigurationList = 675AEC8A24337978004EEB24 /* Build configuration list for PBXNativeTarget "数据结构1" */;
			buildPhases = (
				675AEC7F24337978004EEB24 /* Sources */,
				675AEC8024337978004EEB24 /* Frameworks */,
				675AEC8124337978004EEB24 /* CopyFiles */,
			);
			buildRules = (
			);
			dependencies = (
			);
			name = "数据结构1";
			productName = "数据结构1";
			productReference = 675AEC8324337978004EEB24 /* 数据结构1 */;
			productType = "com.apple.product-type.tool";
		};
		675CBA132442F13600334C5F /* 栈 */ = {
			isa = PBXNativeTarget;
			buildConfigurationList = 675CBA1A2442F13600334C5F /* Build configuration list for PBXNativeTarget "栈" */;
			buildPhases = (
				675CBA102442F13600334C5F /* Sources */,
				675CBA112442F13600334C5F /* Frameworks */,
				675CBA122442F13600334C5F /* CopyFiles */,
			);
			buildRules = (
			);
			dependencies = (
			);
			name = "栈";
			productName = "栈";
			productReference = 675CBA142442F13600334C5F /* 栈 */;
			productType = "com.apple.product-type.tool";
		};
		675CBA1E2442F93200334C5F /* 链式栈 */ = {
			isa = PBXNativeTarget;
			buildConfigurationList = 675CBA232442F93200334C5F /* Build configuration list for PBXNativeTarget "链式栈" */;
			buildPhases = (
				675CBA1B2442F93200334C5F /* Sources */,
				675CBA1C2442F93200334C5F /* Frameworks */,
				675CBA1D2442F93200334C5F /* CopyFiles */,
			);
			buildRules = (
			);
			dependencies = (
			);
			name = "链式栈";
			productName = "链式栈";
			productReference = 675CBA1F2442F93200334C5F /* 链式栈 */;
			productType = "com.apple.product-type.tool";
		};
		675D7F25244741B400F77772 /* 算法题-栈 */ = {
			isa = PBXNativeTarget;
			buildConfigurationList = 675D7F2C244741B400F77772 /* Build configuration list for PBXNativeTarget "算法题-栈" */;
			buildPhases = (
				675D7F22244741B400F77772 /* Sources */,
				675D7F23244741B400F77772 /* Frameworks */,
				675D7F24244741B400F77772 /* CopyFiles */,
			);
			buildRules = (
			);
			dependencies = (
			);
			name = "算法题-栈";
			productName = "算法题-栈";
			productReference = 675D7F26244741B400F77772 /* 算法题-栈 */;
			productType = "com.apple.product-type.tool";
		};
		675D7F302447428300F77772 /* 算法题 */ = {
			isa = PBXNativeTarget;
			buildConfigurationList = 675D7F352447428300F77772 /* Build configuration list for PBXNativeTarget "算法题" */;
			buildPhases = (
				675D7F2D2447428300F77772 /* Sources */,
				675D7F2E2447428300F77772 /* Frameworks */,
				675D7F2F2447428300F77772 /* CopyFiles */,
			);
			buildRules = (
			);
			dependencies = (
			);
			name = "算法题";
			productName = "算法题";
			productReference = 675D7F312447428300F77772 /* 算法题 */;
			productType = "com.apple.product-type.tool";
		};
		6766CEC4244DFC0600DFBEA1 /* 去除重复字母 */ = {
			isa = PBXNativeTarget;
			buildConfigurationList = 6766CECB244DFC0600DFBEA1 /* Build configuration list for PBXNativeTarget "去除重复字母" */;
			buildPhases = (
				6766CEC1244DFC0600DFBEA1 /* Sources */,
				6766CEC2244DFC0600DFBEA1 /* Frameworks */,
				6766CEC3244DFC0600DFBEA1 /* CopyFiles */,
			);
			buildRules = (
			);
			dependencies = (
			);
			name = "去除重复字母";
			productName = "去除重复字母";
			productReference = 6766CEC5244DFC0600DFBEA1 /* 去除重复字母 */;
			productType = "com.apple.product-type.tool";
		};
		679B22572450FCF9007653BD /* KMP算法 */ = {
			isa = PBXNativeTarget;
			buildConfigurationList = 679B225E2450FCF9007653BD /* Build configuration list for PBXNativeTarget "KMP算法" */;
			buildPhases = (
				679B22542450FCF9007653BD /* Sources */,
				679B22552450FCF9007653BD /* Frameworks */,
				679B22562450FCF9007653BD /* CopyFiles */,
			);
			buildRules = (
			);
			dependencies = (
			);
			name = "KMP算法";
			productName = "KMP算法";
			productReference = 679B22582450FCF9007653BD /* KMP算法 */;
			productType = "com.apple.product-type.tool";
		};
		67A59B722441A4820015AE7E /* 线性表练习题 */ = {
			isa = PBXNativeTarget;
			buildConfigurationList = 67A59B792441A4820015AE7E /* Build configuration list for PBXNativeTarget "线性表练习题" */;
			buildPhases = (
				67A59B6F2441A4820015AE7E /* Sources */,
				67A59B702441A4820015AE7E /* Frameworks */,
				67A59B712441A4820015AE7E /* CopyFiles */,
			);
			buildRules = (
			);
			dependencies = (
			);
			name = "线性表练习题";
			productName = "线性表练习题";
			productReference = 67A59B732441A4820015AE7E /* 线性表练习题 */;
			productType = "com.apple.product-type.tool";
		};
		67A8B0F72445E4EE00A44321 /* 线性队列 */ = {
			isa = PBXNativeTarget;
			buildConfigurationList = 67A8B0FC2445E4EE00A44321 /* Build configuration list for PBXNativeTarget "线性队列" */;
			buildPhases = (
				67A8B0F42445E4EE00A44321 /* Sources */,
				67A8B0F52445E4EE00A44321 /* Frameworks */,
				67A8B0F62445E4EE00A44321 /* CopyFiles */,
			);
			buildRules = (
			);
			dependencies = (
			);
			name = "线性队列";
			productName = "线性队列";
			productReference = 67A8B0F82445E4EE00A44321 /* 线性队列 */;
			productType = "com.apple.product-type.tool";
		};
		67A8B1022445E4F400A44321 /* 链式队列 */ = {
			isa = PBXNativeTarget;
			buildConfigurationList = 67A8B1072445E4F400A44321 /* Build configuration list for PBXNativeTarget "链式队列" */;
			buildPhases = (
				67A8B0FF2445E4F400A44321 /* Sources */,
				67A8B1002445E4F400A44321 /* Frameworks */,
				67A8B1012445E4F400A44321 /* CopyFiles */,
			);
			buildRules = (
			);
			dependencies = (
			);
			name = "链式队列";
			productName = "链式队列";
			productReference = 67A8B1032445E4F400A44321 /* 链式队列 */;
			productType = "com.apple.product-type.tool";
		};
		67AD03D9243AEACF00451E87 /* 单循环链表 */ = {
			isa = PBXNativeTarget;
			buildConfigurationList = 67AD03DE243AEACF00451E87 /* Build configuration list for PBXNativeTarget "单循环链表" */;
			buildPhases = (
				67AD03D6243AEACF00451E87 /* Sources */,
				67AD03D7243AEACF00451E87 /* Frameworks */,
				67AD03D8243AEACF00451E87 /* CopyFiles */,
			);
			buildRules = (
			);
			dependencies = (
			);
			name = "单循环链表";
			productName = "单循环链表";
			productReference = 67AD03DA243AEACF00451E87 /* 单循环链表 */;
			productType = "com.apple.product-type.tool";
		};
		67D448D0244F3B380084F9DC /* 字符串匹配 */ = {
			isa = PBXNativeTarget;
			buildConfigurationList = 67D448D7244F3B380084F9DC /* Build configuration list for PBXNativeTarget "字符串匹配" */;
			buildPhases = (
				67D448CD244F3B380084F9DC /* Sources */,
				67D448CE244F3B380084F9DC /* Frameworks */,
				67D448CF244F3B380084F9DC /* CopyFiles */,
			);
			buildRules = (
			);
			dependencies = (
			);
			name = "字符串匹配";
			productName = "字符串匹配";
			productReference = 67D448D1244F3B380084F9DC /* 字符串匹配 */;
			productType = "com.apple.product-type.tool";
		};
		67EA787E24409EC900230FF8 /* 栈顺序存储实现 */ = {
			isa = PBXNativeTarget;
			buildConfigurationList = 67EA788524409EC900230FF8 /* Build configuration list for PBXNativeTarget "栈顺序存储实现" */;
			buildPhases = (
				67EA787B24409EC900230FF8 /* Sources */,
				67EA787C24409EC900230FF8 /* Frameworks */,
				67EA787D24409EC900230FF8 /* CopyFiles */,
			);
			buildRules = (
			);
			dependencies = (
			);
			name = "栈顺序存储实现";
			productName = "栈顺序存储实现";
			productReference = 67EA787F24409EC900230FF8 /* 栈顺序存储实现 */;
			productType = "com.apple.product-type.tool";
		};
/* End PBXNativeTarget section */

/* Begin PBXProject section */
		675AEC7B24337978004EEB24 /* Project object */ = {
			isa = PBXProject;
			attributes = {
				LastUpgradeCheck = 1030;
				ORGANIZATIONNAME = Typeco;
				TargetAttributes = {
					6706BED7243CB68500B085F3 = {
						CreatedOnToolsVersion = 10.3;
					};
					6706BEE2243CD93E00B085F3 = {
						CreatedOnToolsVersion = 10.3;
					};
					675AEC8224337978004EEB24 = {
						CreatedOnToolsVersion = 10.3;
					};
					675CBA132442F13600334C5F = {
						CreatedOnToolsVersion = 10.3;
					};
					675CBA1E2442F93200334C5F = {
						CreatedOnToolsVersion = 10.3;
					};
					675D7F25244741B400F77772 = {
						CreatedOnToolsVersion = 10.3;
					};
					675D7F302447428300F77772 = {
						CreatedOnToolsVersion = 10.3;
					};
					6766CEC4244DFC0600DFBEA1 = {
						CreatedOnToolsVersion = 10.3;
					};
					679B22572450FCF9007653BD = {
						CreatedOnToolsVersion = 10.3;
					};
					67A59B722441A4820015AE7E = {
						CreatedOnToolsVersion = 10.3;
					};
					67A8B0F72445E4EE00A44321 = {
						CreatedOnToolsVersion = 10.3;
					};
					67A8B1022445E4F400A44321 = {
						CreatedOnToolsVersion = 10.3;
					};
					67AD03D9243AEACF00451E87 = {
						CreatedOnToolsVersion = 10.3;
					};
					67D448D0244F3B380084F9DC = {
						CreatedOnToolsVersion = 10.3;
					};
					67EA787E24409EC900230FF8 = {
						CreatedOnToolsVersion = 10.3;
					};
				};
			};
			buildConfigurationList = 675AEC7E24337978004EEB24 /* Build configuration list for PBXProject "数据结构与算法" */;
			compatibilityVersion = "Xcode 9.3";
			developmentRegion = en;
			hasScannedForEncodings = 0;
			knownRegions = (
				en,
			);
			mainGroup = 675AEC7A24337978004EEB24;
			productRefGroup = 675AEC8424337978004EEB24 /* Products */;
			projectDirPath = "";
			projectRoot = "";
			targets = (
				675AEC8224337978004EEB24 /* 数据结构1 */,
				67AD03D9243AEACF00451E87 /* 单循环链表 */,
				6706BED7243CB68500B085F3 /* 双向链表 */,
				6706BEE2243CD93E00B085F3 /* 双向循环链表 */,
				67EA787E24409EC900230FF8 /* 栈顺序存储实现 */,
				67A59B722441A4820015AE7E /* 线性表练习题 */,
				675CBA132442F13600334C5F /* 栈 */,
				675CBA1E2442F93200334C5F /* 链式栈 */,
				67A8B0F72445E4EE00A44321 /* 线性队列 */,
				67A8B1022445E4F400A44321 /* 链式队列 */,
				675D7F25244741B400F77772 /* 算法题-栈 */,
				675D7F302447428300F77772 /* 算法题 */,
				6766CEC4244DFC0600DFBEA1 /* 去除重复字母 */,
				67D448D0244F3B380084F9DC /* 字符串匹配 */,
				679B22572450FCF9007653BD /* KMP算法 */,
			);
		};
/* End PBXProject section */

/* Begin PBXSourcesBuildPhase section */
		6706BED4243CB68500B085F3 /* Sources */ = {
			isa = PBXSourcesBuildPhase;
			buildActionMask = 2147483647;
			files = (
				6706BEDB243CB68500B085F3 /* main.c in Sources */,
			);
			runOnlyForDeploymentPostprocessing = 0;
		};
		6706BEDF243CD93E00B085F3 /* Sources */ = {
			isa = PBXSourcesBuildPhase;
			buildActionMask = 2147483647;
			files = (
				6706BEE6243CD93E00B085F3 /* main.c in Sources */,
			);
			runOnlyForDeploymentPostprocessing = 0;
		};
		675AEC7F24337978004EEB24 /* Sources */ = {
			isa = PBXSourcesBuildPhase;
			buildActionMask = 2147483647;
			files = (
				675AEC8724337978004EEB24 /* main.c in Sources */,
			);
			runOnlyForDeploymentPostprocessing = 0;
		};
		675CBA102442F13600334C5F /* Sources */ = {
			isa = PBXSourcesBuildPhase;
			buildActionMask = 2147483647;
			files = (
				675CBA172442F13600334C5F /* main.c in Sources */,
			);
			runOnlyForDeploymentPostprocessing = 0;
		};
		675CBA1B2442F93200334C5F /* Sources */ = {
			isa = PBXSourcesBuildPhase;
			buildActionMask = 2147483647;
			files = (
				675CBA222442F93200334C5F /* main.c in Sources */,
			);
			runOnlyForDeploymentPostprocessing = 0;
		};
		675D7F22244741B400F77772 /* Sources */ = {
			isa = PBXSourcesBuildPhase;
			buildActionMask = 2147483647;
			files = (
			);
			runOnlyForDeploymentPostprocessing = 0;
		};
		675D7F2D2447428300F77772 /* Sources */ = {
			isa = PBXSourcesBuildPhase;
			buildActionMask = 2147483647;
			files = (
				675D7F342447428300F77772 /* main.c in Sources */,
			);
			runOnlyForDeploymentPostprocessing = 0;
		};
		6766CEC1244DFC0600DFBEA1 /* Sources */ = {
			isa = PBXSourcesBuildPhase;
			buildActionMask = 2147483647;
			files = (
				6766CEC8244DFC0600DFBEA1 /* main.c in Sources */,
			);
			runOnlyForDeploymentPostprocessing = 0;
		};
		679B22542450FCF9007653BD /* Sources */ = {
			isa = PBXSourcesBuildPhase;
			buildActionMask = 2147483647;
			files = (
				679B225B2450FCF9007653BD /* main.c in Sources */,
			);
			runOnlyForDeploymentPostprocessing = 0;
		};
		67A59B6F2441A4820015AE7E /* Sources */ = {
			isa = PBXSourcesBuildPhase;
			buildActionMask = 2147483647;
			files = (
				67A59B762441A4820015AE7E /* main.c in Sources */,
			);
			runOnlyForDeploymentPostprocessing = 0;
		};
		67A8B0F42445E4EE00A44321 /* Sources */ = {
			isa = PBXSourcesBuildPhase;
			buildActionMask = 2147483647;
			files = (
				67A8B0FB2445E4EE00A44321 /* main.c in Sources */,
			);
			runOnlyForDeploymentPostprocessing = 0;
		};
		67A8B0FF2445E4F400A44321 /* Sources */ = {
			isa = PBXSourcesBuildPhase;
			buildActionMask = 2147483647;
			files = (
				67A8B1062445E4F400A44321 /* main.c in Sources */,
			);
			runOnlyForDeploymentPostprocessing = 0;
		};
		67AD03D6243AEACF00451E87 /* Sources */ = {
			isa = PBXSourcesBuildPhase;
			buildActionMask = 2147483647;
			files = (
				67AD03DD243AEACF00451E87 /* main.c in Sources */,
			);
			runOnlyForDeploymentPostprocessing = 0;
		};
		67D448CD244F3B380084F9DC /* Sources */ = {
			isa = PBXSourcesBuildPhase;
			buildActionMask = 2147483647;
			files = (
				67D448D4244F3B380084F9DC /* main.c in Sources */,
			);
			runOnlyForDeploymentPostprocessing = 0;
		};
		67EA787B24409EC900230FF8 /* Sources */ = {
			isa = PBXSourcesBuildPhase;
			buildActionMask = 2147483647;
			files = (
				67EA788224409EC900230FF8 /* main.c in Sources */,
			);
			runOnlyForDeploymentPostprocessing = 0;
		};
/* End PBXSourcesBuildPhase section */

/* Begin XCBuildConfiguration section */
		6706BEDD243CB68500B085F3 /* Debug */ = {
			isa = XCBuildConfiguration;
			buildSettings = {
				CODE_SIGN_STYLE = Automatic;
				PRODUCT_NAME = "$(TARGET_NAME)";
			};
			name = Debug;
		};
		6706BEDE243CB68500B085F3 /* Release */ = {
			isa = XCBuildConfiguration;
			buildSettings = {
				CODE_SIGN_STYLE = Automatic;
				PRODUCT_NAME = "$(TARGET_NAME)";
			};
			name = Release;
		};
		6706BEE8243CD93E00B085F3 /* Debug */ = {
			isa = XCBuildConfiguration;
			buildSettings = {
				CODE_SIGN_STYLE = Automatic;
				PRODUCT_NAME = "$(TARGET_NAME)";
			};
			name = Debug;
		};
		6706BEE9243CD93E00B085F3 /* Release */ = {
			isa = XCBuildConfiguration;
			buildSettings = {
				CODE_SIGN_STYLE = Automatic;
				PRODUCT_NAME = "$(TARGET_NAME)";
			};
			name = Release;
		};
		675AEC8824337978004EEB24 /* Debug */ = {
			isa = XCBuildConfiguration;
			buildSettings = {
				ALWAYS_SEARCH_USER_PATHS = NO;
				CLANG_ANALYZER_NONNULL = YES;
				CLANG_ANALYZER_NUMBER_OBJECT_CONVERSION = YES_AGGRESSIVE;
				CLANG_CXX_LANGUAGE_STANDARD = "gnu++14";
				CLANG_CXX_LIBRARY = "libc++";
				CLANG_ENABLE_MODULES = YES;
				CLANG_ENABLE_OBJC_ARC = YES;
				CLANG_ENABLE_OBJC_WEAK = YES;
				CLANG_WARN_BLOCK_CAPTURE_AUTORELEASING = YES;
				CLANG_WARN_BOOL_CONVERSION = YES;
				CLANG_WARN_COMMA = YES;
				CLANG_WARN_CONSTANT_CONVERSION = YES;
				CLANG_WARN_DEPRECATED_OBJC_IMPLEMENTATIONS = YES;
				CLANG_WARN_DIRECT_OBJC_ISA_USAGE = YES_ERROR;
				CLANG_WARN_DOCUMENTATION_COMMENTS = YES;
				CLANG_WARN_EMPTY_BODY = YES;
				CLANG_WARN_ENUM_CONVERSION = YES;
				CLANG_WARN_INFINITE_RECURSION = YES;
				CLANG_WARN_INT_CONVERSION = YES;
				CLANG_WARN_NON_LITERAL_NULL_CONVERSION = YES;
				CLANG_WARN_OBJC_IMPLICIT_RETAIN_SELF = YES;
				CLANG_WARN_OBJC_LITERAL_CONVERSION = YES;
				CLANG_WARN_OBJC_ROOT_CLASS = YES_ERROR;
				CLANG_WARN_RANGE_LOOP_ANALYSIS = YES;
				CLANG_WARN_STRICT_PROTOTYPES = YES;
				CLANG_WARN_SUSPICIOUS_MOVE = YES;
				CLANG_WARN_UNGUARDED_AVAILABILITY = YES_AGGRESSIVE;
				CLANG_WARN_UNREACHABLE_CODE = YES;
				CLANG_WARN__DUPLICATE_METHOD_MATCH = YES;
				CODE_SIGN_IDENTITY = "-";
				COPY_PHASE_STRIP = NO;
				DEBUG_INFORMATION_FORMAT = dwarf;
				ENABLE_STRICT_OBJC_MSGSEND = YES;
				ENABLE_TESTABILITY = YES;
				GCC_C_LANGUAGE_STANDARD = gnu11;
				GCC_DYNAMIC_NO_PIC = NO;
				GCC_NO_COMMON_BLOCKS = YES;
				GCC_OPTIMIZATION_LEVEL = 0;
				GCC_PREPROCESSOR_DEFINITIONS = (
					"DEBUG=1",
					"$(inherited)",
				);
				GCC_WARN_64_TO_32_BIT_CONVERSION = YES;
				GCC_WARN_ABOUT_RETURN_TYPE = YES_ERROR;
				GCC_WARN_UNDECLARED_SELECTOR = YES;
				GCC_WARN_UNINITIALIZED_AUTOS = YES_AGGRESSIVE;
				GCC_WARN_UNUSED_FUNCTION = YES;
				GCC_WARN_UNUSED_VARIABLE = YES;
				MACOSX_DEPLOYMENT_TARGET = 10.14;
				MTL_ENABLE_DEBUG_INFO = INCLUDE_SOURCE;
				MTL_FAST_MATH = YES;
				ONLY_ACTIVE_ARCH = YES;
				SDKROOT = macosx;
			};
			name = Debug;
		};
		675AEC8924337978004EEB24 /* Release */ = {
			isa = XCBuildConfiguration;
			buildSettings = {
				ALWAYS_SEARCH_USER_PATHS = NO;
				CLANG_ANALYZER_NONNULL = YES;
				CLANG_ANALYZER_NUMBER_OBJECT_CONVERSION = YES_AGGRESSIVE;
				CLANG_CXX_LANGUAGE_STANDARD = "gnu++14";
				CLANG_CXX_LIBRARY = "libc++";
				CLANG_ENABLE_MODULES = YES;
				CLANG_ENABLE_OBJC_ARC = YES;
				CLANG_ENABLE_OBJC_WEAK = YES;
				CLANG_WARN_BLOCK_CAPTURE_AUTORELEASING = YES;
				CLANG_WARN_BOOL_CONVERSION = YES;
				CLANG_WARN_COMMA = YES;
				CLANG_WARN_CONSTANT_CONVERSION = YES;
				CLANG_WARN_DEPRECATED_OBJC_IMPLEMENTATIONS = YES;
				CLANG_WARN_DIRECT_OBJC_ISA_USAGE = YES_ERROR;
				CLANG_WARN_DOCUMENTATION_COMMENTS = YES;
				CLANG_WARN_EMPTY_BODY = YES;
				CLANG_WARN_ENUM_CONVERSION = YES;
				CLANG_WARN_INFINITE_RECURSION = YES;
				CLANG_WARN_INT_CONVERSION = YES;
				CLANG_WARN_NON_LITERAL_NULL_CONVERSION = YES;
				CLANG_WARN_OBJC_IMPLICIT_RETAIN_SELF = YES;
				CLANG_WARN_OBJC_LITERAL_CONVERSION = YES;
				CLANG_WARN_OBJC_ROOT_CLASS = YES_ERROR;
				CLANG_WARN_RANGE_LOOP_ANALYSIS = YES;
				CLANG_WARN_STRICT_PROTOTYPES = YES;
				CLANG_WARN_SUSPICIOUS_MOVE = YES;
				CLANG_WARN_UNGUARDED_AVAILABILITY = YES_AGGRESSIVE;
				CLANG_WARN_UNREACHABLE_CODE = YES;
				CLANG_WARN__DUPLICATE_METHOD_MATCH = YES;
				CODE_SIGN_IDENTITY = "-";
				COPY_PHASE_STRIP = NO;
				DEBUG_INFORMATION_FORMAT = "dwarf-with-dsym";
				ENABLE_NS_ASSERTIONS = NO;
				ENABLE_STRICT_OBJC_MSGSEND = YES;
				GCC_C_LANGUAGE_STANDARD = gnu11;
				GCC_NO_COMMON_BLOCKS = YES;
				GCC_WARN_64_TO_32_BIT_CONVERSION = YES;
				GCC_WARN_ABOUT_RETURN_TYPE = YES_ERROR;
				GCC_WARN_UNDECLARED_SELECTOR = YES;
				GCC_WARN_UNINITIALIZED_AUTOS = YES_AGGRESSIVE;
				GCC_WARN_UNUSED_FUNCTION = YES;
				GCC_WARN_UNUSED_VARIABLE = YES;
				MACOSX_DEPLOYMENT_TARGET = 10.14;
				MTL_ENABLE_DEBUG_INFO = NO;
				MTL_FAST_MATH = YES;
				SDKROOT = macosx;
			};
			name = Release;
		};
		675AEC8B24337978004EEB24 /* Debug */ = {
			isa = XCBuildConfiguration;
			buildSettings = {
				CODE_SIGN_STYLE = Automatic;
				PRODUCT_NAME = "$(TARGET_NAME)";
			};
			name = Debug;
		};
		675AEC8C24337978004EEB24 /* Release */ = {
			isa = XCBuildConfiguration;
			buildSettings = {
				CODE_SIGN_STYLE = Automatic;
				PRODUCT_NAME = "$(TARGET_NAME)";
			};
			name = Release;
		};
		675CBA182442F13600334C5F /* Debug */ = {
			isa = XCBuildConfiguration;
			buildSettings = {
				CODE_SIGN_STYLE = Automatic;
				PRODUCT_NAME = "$(TARGET_NAME)";
			};
			name = Debug;
		};
		675CBA192442F13600334C5F /* Release */ = {
			isa = XCBuildConfiguration;
			buildSettings = {
				CODE_SIGN_STYLE = Automatic;
				PRODUCT_NAME = "$(TARGET_NAME)";
			};
			name = Release;
		};
		675CBA242442F93200334C5F /* Debug */ = {
			isa = XCBuildConfiguration;
			buildSettings = {
				CODE_SIGN_STYLE = Automatic;
				PRODUCT_NAME = "$(TARGET_NAME)";
			};
			name = Debug;
		};
		675CBA252442F93200334C5F /* Release */ = {
			isa = XCBuildConfiguration;
			buildSettings = {
				CODE_SIGN_STYLE = Automatic;
				PRODUCT_NAME = "$(TARGET_NAME)";
			};
			name = Release;
		};
		675D7F2A244741B400F77772 /* Debug */ = {
			isa = XCBuildConfiguration;
			buildSettings = {
				CODE_SIGN_STYLE = Automatic;
				PRODUCT_NAME = "$(TARGET_NAME)";
			};
			name = Debug;
		};
		675D7F2B244741B400F77772 /* Release */ = {
			isa = XCBuildConfiguration;
			buildSettings = {
				CODE_SIGN_STYLE = Automatic;
				PRODUCT_NAME = "$(TARGET_NAME)";
			};
			name = Release;
		};
		675D7F362447428300F77772 /* Debug */ = {
			isa = XCBuildConfiguration;
			buildSettings = {
				CODE_SIGN_STYLE = Automatic;
				PRODUCT_NAME = "$(TARGET_NAME)";
			};
			name = Debug;
		};
		675D7F372447428300F77772 /* Release */ = {
			isa = XCBuildConfiguration;
			buildSettings = {
				CODE_SIGN_STYLE = Automatic;
				PRODUCT_NAME = "$(TARGET_NAME)";
			};
			name = Release;
		};
		6766CEC9244DFC0600DFBEA1 /* Debug */ = {
			isa = XCBuildConfiguration;
			buildSettings = {
				CODE_SIGN_STYLE = Automatic;
				PRODUCT_NAME = "$(TARGET_NAME)";
			};
			name = Debug;
		};
		6766CECA244DFC0600DFBEA1 /* Release */ = {
			isa = XCBuildConfiguration;
			buildSettings = {
				CODE_SIGN_STYLE = Automatic;
				PRODUCT_NAME = "$(TARGET_NAME)";
			};
			name = Release;
		};
		679B225C2450FCF9007653BD /* Debug */ = {
			isa = XCBuildConfiguration;
			buildSettings = {
				CODE_SIGN_STYLE = Automatic;
				PRODUCT_NAME = "$(TARGET_NAME)";
			};
			name = Debug;
		};
		679B225D2450FCF9007653BD /* Release */ = {
			isa = XCBuildConfiguration;
			buildSettings = {
				CODE_SIGN_STYLE = Automatic;
				PRODUCT_NAME = "$(TARGET_NAME)";
			};
			name = Release;
		};
		67A59B772441A4820015AE7E /* Debug */ = {
			isa = XCBuildConfiguration;
			buildSettings = {
				CODE_SIGN_STYLE = Automatic;
				PRODUCT_NAME = "$(TARGET_NAME)";
			};
			name = Debug;
		};
		67A59B782441A4820015AE7E /* Release */ = {
			isa = XCBuildConfiguration;
			buildSettings = {
				CODE_SIGN_STYLE = Automatic;
				PRODUCT_NAME = "$(TARGET_NAME)";
			};
			name = Release;
		};
		67A8B0FD2445E4EE00A44321 /* Debug */ = {
			isa = XCBuildConfiguration;
			buildSettings = {
				CODE_SIGN_STYLE = Automatic;
				PRODUCT_NAME = "$(TARGET_NAME)";
			};
			name = Debug;
		};
		67A8B0FE2445E4EE00A44321 /* Release */ = {
			isa = XCBuildConfiguration;
			buildSettings = {
				CODE_SIGN_STYLE = Automatic;
				PRODUCT_NAME = "$(TARGET_NAME)";
			};
			name = Release;
		};
		67A8B1082445E4F400A44321 /* Debug */ = {
			isa = XCBuildConfiguration;
			buildSettings = {
				CODE_SIGN_STYLE = Automatic;
				PRODUCT_NAME = "$(TARGET_NAME)";
			};
			name = Debug;
		};
		67A8B1092445E4F400A44321 /* Release */ = {
			isa = XCBuildConfiguration;
			buildSettings = {
				CODE_SIGN_STYLE = Automatic;
				PRODUCT_NAME = "$(TARGET_NAME)";
			};
			name = Release;
		};
		67AD03DF243AEACF00451E87 /* Debug */ = {
			isa = XCBuildConfiguration;
			buildSettings = {
				CODE_SIGN_STYLE = Automatic;
				PRODUCT_NAME = "$(TARGET_NAME)";
			};
			name = Debug;
		};
		67AD03E0243AEACF00451E87 /* Release */ = {
			isa = XCBuildConfiguration;
			buildSettings = {
				CODE_SIGN_STYLE = Automatic;
				PRODUCT_NAME = "$(TARGET_NAME)";
			};
			name = Release;
		};
		67D448D5244F3B380084F9DC /* Debug */ = {
			isa = XCBuildConfiguration;
			buildSettings = {
				CODE_SIGN_STYLE = Automatic;
				PRODUCT_NAME = "$(TARGET_NAME)";
			};
			name = Debug;
		};
		67D448D6244F3B380084F9DC /* Release */ = {
			isa = XCBuildConfiguration;
			buildSettings = {
				CODE_SIGN_STYLE = Automatic;
				PRODUCT_NAME = "$(TARGET_NAME)";
			};
			name = Release;
		};
		67EA788324409EC900230FF8 /* Debug */ = {
			isa = XCBuildConfiguration;
			buildSettings = {
				CODE_SIGN_STYLE = Automatic;
				PRODUCT_NAME = "$(TARGET_NAME)";
			};
			name = Debug;
		};
		67EA788424409EC900230FF8 /* Release */ = {
			isa = XCBuildConfiguration;
			buildSettings = {
				CODE_SIGN_STYLE = Automatic;
				PRODUCT_NAME = "$(TARGET_NAME)";
			};
			name = Release;
		};
/* End XCBuildConfiguration section */

/* Begin XCConfigurationList section */
		6706BEDC243CB68500B085F3 /* Build configuration list for PBXNativeTarget "双向链表" */ = {
			isa = XCConfigurationList;
			buildConfigurations = (
				6706BEDD243CB68500B085F3 /* Debug */,
				6706BEDE243CB68500B085F3 /* Release */,
			);
			defaultConfigurationIsVisible = 0;
			defaultConfigurationName = Release;
		};
		6706BEE7243CD93E00B085F3 /* Build configuration list for PBXNativeTarget "双向循环链表" */ = {
			isa = XCConfigurationList;
			buildConfigurations = (
				6706BEE8243CD93E00B085F3 /* Debug */,
				6706BEE9243CD93E00B085F3 /* Release */,
			);
			defaultConfigurationIsVisible = 0;
			defaultConfigurationName = Release;
		};
		675AEC7E24337978004EEB24 /* Build configuration list for PBXProject "数据结构与算法" */ = {
			isa = XCConfigurationList;
			buildConfigurations = (
				675AEC8824337978004EEB24 /* Debug */,
				675AEC8924337978004EEB24 /* Release */,
			);
			defaultConfigurationIsVisible = 0;
			defaultConfigurationName = Release;
		};
		675AEC8A24337978004EEB24 /* Build configuration list for PBXNativeTarget "数据结构1" */ = {
			isa = XCConfigurationList;
			buildConfigurations = (
				675AEC8B24337978004EEB24 /* Debug */,
				675AEC8C24337978004EEB24 /* Release */,
			);
			defaultConfigurationIsVisible = 0;
			defaultConfigurationName = Release;
		};
		675CBA1A2442F13600334C5F /* Build configuration list for PBXNativeTarget "栈" */ = {
			isa = XCConfigurationList;
			buildConfigurations = (
				675CBA182442F13600334C5F /* Debug */,
				675CBA192442F13600334C5F /* Release */,
			);
			defaultConfigurationIsVisible = 0;
			defaultConfigurationName = Release;
		};
		675CBA232442F93200334C5F /* Build configuration list for PBXNativeTarget "链式栈" */ = {
			isa = XCConfigurationList;
			buildConfigurations = (
				675CBA242442F93200334C5F /* Debug */,
				675CBA252442F93200334C5F /* Release */,
			);
			defaultConfigurationIsVisible = 0;
			defaultConfigurationName = Release;
		};
		675D7F2C244741B400F77772 /* Build configuration list for PBXNativeTarget "算法题-栈" */ = {
			isa = XCConfigurationList;
			buildConfigurations = (
				675D7F2A244741B400F77772 /* Debug */,
				675D7F2B244741B400F77772 /* Release */,
			);
			defaultConfigurationIsVisible = 0;
			defaultConfigurationName = Release;
		};
		675D7F352447428300F77772 /* Build configuration list for PBXNativeTarget "算法题" */ = {
			isa = XCConfigurationList;
			buildConfigurations = (
				675D7F362447428300F77772 /* Debug */,
				675D7F372447428300F77772 /* Release */,
			);
			defaultConfigurationIsVisible = 0;
			defaultConfigurationName = Release;
		};
		6766CECB244DFC0600DFBEA1 /* Build configuration list for PBXNativeTarget "去除重复字母" */ = {
			isa = XCConfigurationList;
			buildConfigurations = (
				6766CEC9244DFC0600DFBEA1 /* Debug */,
				6766CECA244DFC0600DFBEA1 /* Release */,
			);
			defaultConfigurationIsVisible = 0;
			defaultConfigurationName = Release;
		};
		679B225E2450FCF9007653BD /* Build configuration list for PBXNativeTarget "KMP算法" */ = {
			isa = XCConfigurationList;
			buildConfigurations = (
				679B225C2450FCF9007653BD /* Debug */,
				679B225D2450FCF9007653BD /* Release */,
			);
			defaultConfigurationIsVisible = 0;
			defaultConfigurationName = Release;
		};
		67A59B792441A4820015AE7E /* Build configuration list for PBXNativeTarget "线性表练习题" */ = {
			isa = XCConfigurationList;
			buildConfigurations = (
				67A59B772441A4820015AE7E /* Debug */,
				67A59B782441A4820015AE7E /* Release */,
			);
			defaultConfigurationIsVisible = 0;
			defaultConfigurationName = Release;
		};
		67A8B0FC2445E4EE00A44321 /* Build configuration list for PBXNativeTarget "线性队列" */ = {
			isa = XCConfigurationList;
			buildConfigurations = (
				67A8B0FD2445E4EE00A44321 /* Debug */,
				67A8B0FE2445E4EE00A44321 /* Release */,
			);
			defaultConfigurationIsVisible = 0;
			defaultConfigurationName = Release;
		};
		67A8B1072445E4F400A44321 /* Build configuration list for PBXNativeTarget "链式队列" */ = {
			isa = XCConfigurationList;
			buildConfigurations = (
				67A8B1082445E4F400A44321 /* Debug */,
				67A8B1092445E4F400A44321 /* Release */,
			);
			defaultConfigurationIsVisible = 0;
			defaultConfigurationName = Release;
		};
		67AD03DE243AEACF00451E87 /* Build configuration list for PBXNativeTarget "单循环链表" */ = {
			isa = XCConfigurationList;
			buildConfigurations = (
				67AD03DF243AEACF00451E87 /* Debug */,
				67AD03E0243AEACF00451E87 /* Release */,
			);
			defaultConfigurationIsVisible = 0;
			defaultConfigurationName = Release;
		};
		67D448D7244F3B380084F9DC /* Build configuration list for PBXNativeTarget "字符串匹配" */ = {
			isa = XCConfigurationList;
			buildConfigurations = (
				67D448D5244F3B380084F9DC /* Debug */,
				67D448D6244F3B380084F9DC /* Release */,
			);
			defaultConfigurationIsVisible = 0;
			defaultConfigurationName = Release;
		};
		67EA788524409EC900230FF8 /* Build configuration list for PBXNativeTarget "栈顺序存储实现" */ = {
			isa = XCConfigurationList;
			buildConfigurations = (
				67EA788324409EC900230FF8 /* Debug */,
				67EA788424409EC900230FF8 /* Release */,
			);
			defaultConfigurationIsVisible = 0;
			defaultConfigurationName = Release;
		};
/* End XCConfigurationList section */
	};
	rootObject = 675AEC7B24337978004EEB24 /* Project object */;
}
